
Microsoft Visual Studio Solution File, Format Version 12.00
# Visual Studio 15
VisualStudioVersion = 15.0.27130.2036
MinimumVisualStudioVersion = 10.0.40219.1
Project("{FAE04EC0-301F-11D3-BF4B-00C04F79EFBC}") = "CommandLineParser", "CommandLineParser\CommandLineParser.csproj", "{BC7A4D89-2593-4732-909E-DC4507F166B4}"
EndProject
Project("{FAE04EC0-301F-11D3-BF4B-00C04F79EFBC}") = "CommandLineTest", "CommandLineTest\CommandLineTest.csproj", "{D606FE10-FC18-44C4-86E0-EC3B25A597E9}"
EndProject
Global
	GlobalSection(SolutionConfigurationPlatforms) = preSolution
		Debug|Any CPU = Debug|Any CPU
		Release|Any CPU = Release|Any CPU
	EndGlobalSection
	GlobalSection(ProjectConfigurationPlatforms) = postSolution
		{BC7A4D89-2593-4732-909E-DC4507F166B4}.Debug|Any CPU.ActiveCfg = Debug|Any CPU
		{BC7A4D89-2593-4732-909E-DC4507F166B4}.Debug|Any CPU.Build.0 = Debug|Any CPU
		{BC7A4D89-2593-4732-909E-DC4507F166B4}.Release|Any CPU.ActiveCfg = Release|Any CPU
		{BC7A4D89-2593-4732-909E-DC4507F166B4}.Release|Any CPU.Build.0 = Release|Any CPU
		{D606FE10-FC18-44C4-86E0-EC3B25A597E9}.Debug|Any CPU.ActiveCfg = Debug|Any CPU
		{D606FE10-FC18-44C4-86E0-EC3B25A597E9}.Debug|Any CPU.Build.0 = Debug|Any CPU
		{D606FE10-FC18-44C4-86E0-EC3B25A597E9}.Release|Any CPU.ActiveCfg = Release|Any CPU
		{D606FE10-FC18-44C4-86E0-EC3B25A597E9}.Release|Any CPU.Build.0 = Release|Any CPU
	EndGlobalSection
	GlobalSection(SolutionProperties) = preSolution
		HideSolutionNode = FALSE
	EndGlobalSection
	GlobalSection(ExtensibilityGlobals) = postSolution
		SolutionGuid = {6D7CE8A3-4DB3-4AE3-A2D5-75C6F18733F5}
	EndGlobalSection
EndGlobal
